
Microsoft Visual Studio Solution File, Format Version 12.00
# Visual Studio Version 17
VisualStudioVersion = 17.4.33122.133
MinimumVisualStudioVersion = 10.0.40219.1
Project("{9A19103F-16F7-4668-BE54-9A1E7A4F7556}") = "CareLinkReader", "CareLinkReader\CareLinkReader.csproj", "{161EBBD3-9634-44F5-BF3A-918A8210B252}"
EndProject
Project("{FAE04EC0-301F-11D3-BF4B-00C04F79EFBC}") = "CareLinkNetClient", "CareLinkNetClient\CareLinkNetClient.csproj", "{A4D55DD8-A5F5-47E1-B974-2EAA7E0F34D9}"
EndProject
Global
	GlobalSection(SolutionConfigurationPlatforms) = preSolution
		Debug|Any CPU = Debug|Any CPU
		Release|Any CPU = Release|Any CPU
	EndGlobalSection
	GlobalSection(ProjectConfigurationPlatforms) = postSolution
		{161EBBD3-9634-44F5-BF3A-918A8210B252}.Debug|Any CPU.ActiveCfg = Debug|Any CPU
		{161EBBD3-9634-44F5-BF3A-918A8210B252}.Debug|Any CPU.Build.0 = Debug|Any CPU
		{161EBBD3-9634-44F5-BF3A-918A8210B252}.Release|Any CPU.ActiveCfg = Release|Any CPU
		{161EBBD3-9634-44F5-BF3A-918A8210B252}.Release|Any CPU.Build.0 = Release|Any CPU
		{A4D55DD8-A5F5-47E1-B974-2EAA7E0F34D9}.Debug|Any CPU.ActiveCfg = Debug|Any CPU
		{A4D55DD8-A5F5-47E1-B974-2EAA7E0F34D9}.Debug|Any CPU.Build.0 = Debug|Any CPU
		{A4D55DD8-A5F5-47E1-B974-2EAA7E0F34D9}.Release|Any CPU.ActiveCfg = Release|Any CPU
		{A4D55DD8-A5F5-47E1-B974-2EAA7E0F34D9}.Release|Any CPU.Build.0 = Release|Any CPU
	EndGlobalSection
	GlobalSection(SolutionProperties) = preSolution
		HideSolutionNode = FALSE
	EndGlobalSection
	GlobalSection(ExtensibilityGlobals) = postSolution
		SolutionGuid = {1F24AAD8-034D-4CBE-BCF6-6C971C409611}
	EndGlobalSection
EndGlobal
